
Microsoft Visual Studio Solution File, Format Version 12.00
# Visual Studio Version 17
VisualStudioVersion = 17.7.34031.279
MinimumVisualStudioVersion = 10.0.40219.1
Project("{9A19103F-16F7-4668-BE54-9A1E7A4F7556}") = "GodotGrabber", "NodeGrabber\GodotGrabber.csproj", "{B6BE89EC-E938-4B69-8C42-9FFDC02C4AA1}"
EndProject
Project("{9A19103F-16F7-4668-BE54-9A1E7A4F7556}") = "GrabberTest", "GrabberTest\GrabberTest.csproj", "{050BB356-3E78-492C-A627-6103543F4F51}"
EndProject
Project("{9A19103F-16F7-4668-BE54-9A1E7A4F7556}") = "GenTest", "GenTest\GenTest.csproj", "{15359635-68FC-408E-81D5-682530A9A94D}"
EndProject
Global
	GlobalSection(SolutionConfigurationPlatforms) = preSolution
		Debug|Any CPU = Debug|Any CPU
		Release|Any CPU = Release|Any CPU
	EndGlobalSection
	GlobalSection(ProjectConfigurationPlatforms) = postSolution
		{B6BE89EC-E938-4B69-8C42-9FFDC02C4AA1}.Debug|Any CPU.ActiveCfg = Debug|Any CPU
		{B6BE89EC-E938-4B69-8C42-9FFDC02C4AA1}.Debug|Any CPU.Build.0 = Debug|Any CPU
		{B6BE89EC-E938-4B69-8C42-9FFDC02C4AA1}.Release|Any CPU.ActiveCfg = Release|Any CPU
		{B6BE89EC-E938-4B69-8C42-9FFDC02C4AA1}.Release|Any CPU.Build.0 = Release|Any CPU
		{050BB356-3E78-492C-A627-6103543F4F51}.Debug|Any CPU.ActiveCfg = Debug|Any CPU
		{050BB356-3E78-492C-A627-6103543F4F51}.Debug|Any CPU.Build.0 = Debug|Any CPU
		{050BB356-3E78-492C-A627-6103543F4F51}.Release|Any CPU.ActiveCfg = Release|Any CPU
		{050BB356-3E78-492C-A627-6103543F4F51}.Release|Any CPU.Build.0 = Release|Any CPU
		{15359635-68FC-408E-81D5-682530A9A94D}.Debug|Any CPU.ActiveCfg = Debug|Any CPU
		{15359635-68FC-408E-81D5-682530A9A94D}.Debug|Any CPU.Build.0 = Debug|Any CPU
		{15359635-68FC-408E-81D5-682530A9A94D}.Release|Any CPU.ActiveCfg = Release|Any CPU
		{15359635-68FC-408E-81D5-682530A9A94D}.Release|Any CPU.Build.0 = Release|Any CPU
	EndGlobalSection
	GlobalSection(SolutionProperties) = preSolution
		HideSolutionNode = FALSE
	EndGlobalSection
	GlobalSection(ExtensibilityGlobals) = postSolution
		SolutionGuid = {A3A13414-CC6B-496A-8AE0-6DED63D0B9AE}
	EndGlobalSection
EndGlobal
